
Microsoft Visual Studio Solution File, Format Version 12.00
# Visual Studio 15
VisualStudioVersion = 15.0.27130.2024
MinimumVisualStudioVersion = 10.0.40219.1
Project("{8BC9CEB8-8B4A-11D0-8D11-00A0C91BC942}") = "MatrixPro", "MatrixPro\MatrixPro.vcxproj", "{C8210AC6-60F0-4A67-B5B3-6ECDD499E7C6}"
EndProject
Global
	GlobalSection(SolutionConfigurationPlatforms) = preSolution
		Debug|x64 = Debug|x64
		Debug|x86 = Debug|x86
		Release|x64 = Release|x64
		Release|x86 = Release|x86
	EndGlobalSection
	GlobalSection(ProjectConfigurationPlatforms) = postSolution
		{C8210AC6-60F0-4A67-B5B3-6ECDD499E7C6}.Debug|x64.ActiveCfg = Debug|x64
		{C8210AC6-60F0-4A67-B5B3-6ECDD499E7C6}.Debug|x64.Build.0 = Debug|x64
		{C8210AC6-60F0-4A67-B5B3-6ECDD499E7C6}.Debug|x86.ActiveCfg = Debug|Win32
		{C8210AC6-60F0-4A67-B5B3-6ECDD499E7C6}.Debug|x86.Build.0 = Debug|Win32
		{C8210AC6-60F0-4A67-B5B3-6ECDD499E7C6}.Release|x64.ActiveCfg = Release|x64
		{C8210AC6-60F0-4A67-B5B3-6ECDD499E7C6}.Release|x64.Build.0 = Release|x64
		{C8210AC6-60F0-4A67-B5B3-6ECDD499E7C6}.Release|x86.ActiveCfg = Release|Win32
		{C8210AC6-60F0-4A67-B5B3-6ECDD499E7C6}.Release|x86.Build.0 = Release|Win32
	EndGlobalSection
	GlobalSection(SolutionProperties) = preSolution
		HideSolutionNode = FALSE
	EndGlobalSection
	GlobalSection(ExtensibilityGlobals) = postSolution
		SolutionGuid = {317427E8-322C-4B59-8A81-A95A6A04AF8B}
	EndGlobalSection
EndGlobal
